
Microsoft Visual Studio Solution File, Format Version 12.00
# Visual Studio Version 17
VisualStudioVersion = 17.9.34622.214
MinimumVisualStudioVersion = 10.0.40219.1
Project("{FAE04EC0-301F-11D3-BF4B-00C04F79EFBC}") = "edu.PR.SIMULACRO", "edu.PR.SIMULACRO.csproj", "{66982243-6422-4394-9979-31AA44DEFA3D}"
EndProject
Global
	GlobalSection(SolutionConfigurationPlatforms) = preSolution
		Debug|Any CPU = Debug|Any CPU
		Release|Any CPU = Release|Any CPU
	EndGlobalSection
	GlobalSection(ProjectConfigurationPlatforms) = postSolution
		{66982243-6422-4394-9979-31AA44DEFA3D}.Debug|Any CPU.ActiveCfg = Debug|Any CPU
		{66982243-6422-4394-9979-31AA44DEFA3D}.Debug|Any CPU.Build.0 = Debug|Any CPU
		{66982243-6422-4394-9979-31AA44DEFA3D}.Release|Any CPU.ActiveCfg = Release|Any CPU
		{66982243-6422-4394-9979-31AA44DEFA3D}.Release|Any CPU.Build.0 = Release|Any CPU
	EndGlobalSection
	GlobalSection(SolutionProperties) = preSolution
		HideSolutionNode = FALSE
	EndGlobalSection
	GlobalSection(ExtensibilityGlobals) = postSolution
		SolutionGuid = {B7458D90-CF16-412E-9FB5-3F4645D2F30A}
	EndGlobalSection
EndGlobal
